// !$*UTF8*$!
{
	archiveVersion = 1;
	classes = {
	};
	objectVersion = 55;
	objects = {

/* Begin PBXBuildFile section */
		130ADCAC2909F344006AC50C /* AppDelegate.swift in Sources */ = {isa = PBXBuildFile; fileRef = 130ADCAB2909F344006AC50C /* AppDelegate.swift */; };
		130ADCAE2909F344006AC50C /* SceneDelegate.swift in Sources */ = {isa = PBXBuildFile; fileRef = 130ADCAD2909F344006AC50C /* SceneDelegate.swift */; };
		130ADCB02909F344006AC50C /* ViewController.swift in Sources */ = {isa = PBXBuildFile; fileRef = 130ADCAF2909F344006AC50C /* ViewController.swift */; };
		130ADCB32909F344006AC50C /* Main.storyboard in Resources */ = {isa = PBXBuildFile; fileRef = 130ADCB12909F344006AC50C /* Main.storyboard */; };
		130ADCB62909F344006AC50C /* video_player.xcdatamodeld in Sources */ = {isa = PBXBuildFile; fileRef = 130ADCB42909F344006AC50C /* video_player.xcdatamodeld */; };
		130ADCB82909F347006AC50C /* Assets.xcassets in Resources */ = {isa = PBXBuildFile; fileRef = 130ADCB72909F347006AC50C /* Assets.xcassets */; };
		130ADCBB2909F347006AC50C /* LaunchScreen.storyboard in Resources */ = {isa = PBXBuildFile; fileRef = 130ADCB92909F347006AC50C /* LaunchScreen.storyboard */; };
		130ADCC62909F347006AC50C /* video_playerTests.swift in Sources */ = {isa = PBXBuildFile; fileRef = 130ADCC52909F347006AC50C /* video_playerTests.swift */; };
		130ADCD02909F347006AC50C /* video_playerUITests.swift in Sources */ = {isa = PBXBuildFile; fileRef = 130ADCCF2909F347006AC50C /* video_playerUITests.swift */; };
		130ADCD22909F347006AC50C /* video_playerUITestsLaunchTests.swift in Sources */ = {isa = PBXBuildFile; fileRef = 130ADCD12909F347006AC50C /* video_playerUITestsLaunchTests.swift */; };
/* End PBXBuildFile section */

/* Begin PBXContainerItemProxy section */
		130ADCC22909F347006AC50C /* PBXContainerItemProxy */ = {
			isa = PBXContainerItemProxy;
			containerPortal = 130ADCA02909F344006AC50C /* Project object */;
			proxyType = 1;
			remoteGlobalIDString = 130ADCA72909F344006AC50C;
			remoteInfo = video_player;
		};
		130ADCCC2909F347006AC50C /* PBXContainerItemProxy */ = {
			isa = PBXContainerItemProxy;
			containerPortal = 130ADCA02909F344006AC50C /* Project object */;
			proxyType = 1;
			remoteGlobalIDString = 130ADCA72909F344006AC50C;
			remoteInfo = video_player;
		};
/* End PBXContainerItemProxy section */

/* Begin PBXFileReference section */
		130ADCA82909F344006AC50C /* video_player.app */ = {isa = PBXFileReference; explicitFileType = wrapper.application; includeInIndex = 0; path = video_player.app; sourceTree = BUILT_PRODUCTS_DIR; };
		130ADCAB2909F344006AC50C /* AppDelegate.swift */ = {isa = PBXFileReference; lastKnownFileType = sourcecode.swift; path = AppDelegate.swift; sourceTree = "<group>"; };
		130ADCAD2909F344006AC50C /* SceneDelegate.swift */ = {isa = PBXFileReference; lastKnownFileType = sourcecode.swift; path = SceneDelegate.swift; sourceTree = "<group>"; };
		130ADCAF2909F344006AC50C /* ViewController.swift */ = {isa = PBXFileReference; lastKnownFileType = sourcecode.swift; path = ViewController.swift; sourceTree = "<group>"; };
		130ADCB22909F344006AC50C /* Base */ = {isa = PBXFileReference; lastKnownFileType = file.storyboard; name = Base; path = Base.lproj/Main.storyboard; sourceTree = "<group>"; };
		130ADCB52909F344006AC50C /* video_player.xcdatamodel */ = {isa = PBXFileReference; lastKnownFileType = wrapper.xcdatamodel; path = video_player.xcdatamodel; sourceTree = "<group>"; };
		130ADCB72909F347006AC50C /* Assets.xcassets */ = {isa = PBXFileReference; lastKnownFileType = folder.assetcatalog; path = Assets.xcassets; sourceTree = "<group>"; };
		130ADCBA2909F347006AC50C /* Base */ = {isa = PBXFileReference; lastKnownFileType = file.storyboard; name = Base; path = Base.lproj/LaunchScreen.storyboard; sourceTree = "<group>"; };
		130ADCBC2909F347006AC50C /* Info.plist */ = {isa = PBXFileReference; lastKnownFileType = text.plist.xml; path = Info.plist; sourceTree = "<group>"; };
		130ADCC12909F347006AC50C /* video_playerTests.xctest */ = {isa = PBXFileReference; explicitFileType = wrapper.cfbundle; includeInIndex = 0; path = video_playerTests.xctest; sourceTree = BUILT_PRODUCTS_DIR; };
		130ADCC52909F347006AC50C /* video_playerTests.swift */ = {isa = PBXFileReference; lastKnownFileType = sourcecode.swift; path = video_playerTests.swift; sourceTree = "<group>"; };
		130ADCCB2909F347006AC50C /* video_playerUITests.xctest */ = {isa = PBXFileReference; explicitFileType = wrapper.cfbundle; includeInIndex = 0; path = video_playerUITests.xctest; sourceTree = BUILT_PRODUCTS_DIR; };
		130ADCCF2909F347006AC50C /* video_playerUITests.swift */ = {isa = PBXFileReference; lastKnownFileType = sourcecode.swift; path = video_playerUITests.swift; sourceTree = "<group>"; };
		130ADCD12909F347006AC50C /* video_playerUITestsLaunchTests.swift */ = {isa = PBXFileReference; lastKnownFileType = sourcecode.swift; path = video_playerUITestsLaunchTests.swift; sourceTree = "<group>"; };
/* End PBXFileReference section */

/* Begin PBXFrameworksBuildPhase section */
		130ADCA52909F344006AC50C /* Frameworks */ = {
			isa = PBXFrameworksBuildPhase;
			buildActionMask = 2147483647;
			files = (
			);
			runOnlyForDeploymentPostprocessing = 0;
		};
		130ADCBE2909F347006AC50C /* Frameworks */ = {
			isa = PBXFrameworksBuildPhase;
			buildActionMask = 2147483647;
			files = (
			);
			runOnlyForDeploymentPostprocessing = 0;
		};
		130ADCC82909F347006AC50C /* Frameworks */ = {
			isa = PBXFrameworksBuildPhase;
			buildActionMask = 2147483647;
			files = (
			);
			runOnlyForDeploymentPostprocessing = 0;
		};
/* End PBXFrameworksBuildPhase section */

/* Begin PBXGroup section */
		130ADC9F2909F344006AC50C = {
			isa = PBXGroup;
			children = (
				130ADCAA2909F344006AC50C /* video_player */,
				130ADCC42909F347006AC50C /* video_playerTests */,
				130ADCCE2909F347006AC50C /* video_playerUITests */,
				130ADCA92909F344006AC50C /* Products */,
			);
			sourceTree = "<group>";
		};
		130ADCA92909F344006AC50C /* Products */ = {
			isa = PBXGroup;
			children = (
				130ADCA82909F344006AC50C /* video_player.app */,
				130ADCC12909F347006AC50C /* video_playerTests.xctest */,
				130ADCCB2909F347006AC50C /* video_playerUITests.xctest */,
			);
			name = Products;
			sourceTree = "<group>";
		};
		130ADCAA2909F344006AC50C /* video_player */ = {
			isa = PBXGroup;
			children = (
				130ADCAB2909F344006AC50C /* AppDelegate.swift */,
				130ADCAD2909F344006AC50C /* SceneDelegate.swift */,
				130ADCAF2909F344006AC50C /* ViewController.swift */,
				130ADCB12909F344006AC50C /* Main.storyboard */,
				130ADCB72909F347006AC50C /* Assets.xcassets */,
				130ADCB92909F347006AC50C /* LaunchScreen.storyboard */,
				130ADCBC2909F347006AC50C /* Info.plist */,
				130ADCB42909F344006AC50C /* video_player.xcdatamodeld */,
			);
			path = video_player;
			sourceTree = "<group>";
		};
		130ADCC42909F347006AC50C /* video_playerTests */ = {
			isa = PBXGroup;
			children = (
				130ADCC52909F347006AC50C /* video_playerTests.swift */,
			);
			path = video_playerTests;
			sourceTree = "<group>";
		};
		130ADCCE2909F347006AC50C /* video_playerUITests */ = {
			isa = PBXGroup;
			children = (
				130ADCCF2909F347006AC50C /* video_playerUITests.swift */,
				130ADCD12909F347006AC50C /* video_playerUITestsLaunchTests.swift */,
			);
			path = video_playerUITests;
			sourceTree = "<group>";
		};
/* End PBXGroup section */

/* Begin PBXNativeTarget section */
		130ADCA72909F344006AC50C /* video_player */ = {
			isa = PBXNativeTarget;
			buildConfigurationList = 130ADCD52909F347006AC50C /* Build configuration list for PBXNativeTarget "video_player" */;
			buildPhases = (
				130ADCA42909F344006AC50C /* Sources */,
				130ADCA52909F344006AC50C /* Frameworks */,
				130ADCA62909F344006AC50C /* Resources */,
			);
			buildRules = (
			);
			dependencies = (
			);
			name = video_player;
			productName = video_player;
			productReference = 130ADCA82909F344006AC50C /* video_player.app */;
			productType = "com.apple.product-type.application";
		};
		130ADCC02909F347006AC50C /* video_playerTests */ = {
			isa = PBXNativeTarget;
			buildConfigurationList = 130ADCD82909F347006AC50C /* Build configuration list for PBXNativeTarget "video_playerTests" */;
			buildPhases = (
				130ADCBD2909F347006AC50C /* Sources */,
				130ADCBE2909F347006AC50C /* Frameworks */,
				130ADCBF2909F347006AC50C /* Resources */,
			);
			buildRules = (
			);
			dependencies = (
				130ADCC32909F347006AC50C /* PBXTargetDependency */,
			);
			name = video_playerTests;
			productName = video_playerTests;
			productReference = 130ADCC12909F347006AC50C /* video_playerTests.xctest */;
			productType = "com.apple.product-type.bundle.unit-test";
		};
		130ADCCA2909F347006AC50C /* video_playerUITests */ = {
			isa = PBXNativeTarget;
			buildConfigurationList = 130ADCDB2909F347006AC50C /* Build configuration list for PBXNativeTarget "video_playerUITests" */;
			buildPhases = (
				130ADCC72909F347006AC50C /* Sources */,
				130ADCC82909F347006AC50C /* Frameworks */,
				130ADCC92909F347006AC50C /* Resources */,
			);
			buildRules = (
			);
			dependencies = (
				130ADCCD2909F347006AC50C /* PBXTargetDependency */,
			);
			name = video_playerUITests;
			productName = video_playerUITests;
			productReference = 130ADCCB2909F347006AC50C /* video_playerUITests.xctest */;
			productType = "com.apple.product-type.bundle.ui-testing";
		};
/* End PBXNativeTarget section */

/* Begin PBXProject section */
		130ADCA02909F344006AC50C /* Project object */ = {
			isa = PBXProject;
			attributes = {
				BuildIndependentTargetsInParallel = 1;
				LastSwiftUpdateCheck = 1340;
				LastUpgradeCheck = 1340;
				TargetAttributes = {
					130ADCA72909F344006AC50C = {
						CreatedOnToolsVersion = 13.4.1;
					};
					130ADCC02909F347006AC50C = {
						CreatedOnToolsVersion = 13.4.1;
						TestTargetID = 130ADCA72909F344006AC50C;
					};
					130ADCCA2909F347006AC50C = {
						CreatedOnToolsVersion = 13.4.1;
						TestTargetID = 130ADCA72909F344006AC50C;
					};
				};
			};
			buildConfigurationList = 130ADCA32909F344006AC50C /* Build configuration list for PBXProject "video_player" */;
			compatibilityVersion = "Xcode 13.0";
			developmentRegion = en;
			hasScannedForEncodings = 0;
			knownRegions = (
				en,
				Base,
			);
			mainGroup = 130ADC9F2909F344006AC50C;
			productRefGroup = 130ADCA92909F344006AC50C /* Products */;
			projectDirPath = "";
			projectRoot = "";
			targets = (
				130ADCA72909F344006AC50C /* video_player */,
				130ADCC02909F347006AC50C /* video_playerTests */,
				130ADCCA2909F347006AC50C /* video_playerUITests */,
			);
		};
/* End PBXProject section */

/* Begin PBXResourcesBuildPhase section */
		130ADCA62909F344006AC50C /* Resources */ = {
			isa = PBXResourcesBuildPhase;
			buildActionMask = 2147483647;
			files = (
				130ADCBB2909F347006AC50C /* LaunchScreen.storyboard in Resources */,
				130ADCB82909F347006AC50C /* Assets.xcassets in Resources */,
				130ADCB32909F344006AC50C /* Main.storyboard in Resources */,
			);
			runOnlyForDeploymentPostprocessing = 0;
		};
		130ADCBF2909F347006AC50C /* Resources */ = {
			isa = PBXResourcesBuildPhase;
			buildActionMask = 2147483647;
			files = (
			);
			runOnlyForDeploymentPostprocessing = 0;
		};
		130ADCC92909F347006AC50C /* Resources */ = {
			isa = PBXResourcesBuildPhase;
			buildActionMask = 2147483647;
			files = (
			);
			runOnlyForDeploymentPostprocessing = 0;
		};
/* End PBXResourcesBuildPhase section */

/* Begin PBXSourcesBuildPhase section */
		130ADCA42909F344006AC50C /* Sources */ = {
			isa = PBXSourcesBuildPhase;
			buildActionMask = 2147483647;
			files = (
				130ADCB62909F344006AC50C /* video_player.xcdatamodeld in Sources */,
				130ADCB02909F344006AC50C /* ViewController.swift in Sources */,
				130ADCAC2909F344006AC50C /* AppDelegate.swift in Sources */,
				130ADCAE2909F344006AC50C /* SceneDelegate.swift in Sources */,
			);
			runOnlyForDeploymentPostprocessing = 0;
		};
		130ADCBD2909F347006AC50C /* Sources */ = {
			isa = PBXSourcesBuildPhase;
			buildActionMask = 2147483647;
			files = (
				130ADCC62909F347006AC50C /* video_playerTests.swift in Sources */,
			);
			runOnlyForDeploymentPostprocessing = 0;
		};
		130ADCC72909F347006AC50C /* Sources */ = {
			isa = PBXSourcesBuildPhase;
			buildActionMask = 2147483647;
			files = (
				130ADCD02909F347006AC50C /* video_playerUITests.swift in Sources */,
				130ADCD22909F347006AC50C /* video_playerUITestsLaunchTests.swift in Sources */,
			);
			runOnlyForDeploymentPostprocessing = 0;
		};
/* End PBXSourcesBuildPhase section */

/* Begin PBXTargetDependency section */
		130ADCC32909F347006AC50C /* PBXTargetDependency */ = {
			isa = PBXTargetDependency;
			target = 130ADCA72909F344006AC50C /* video_player */;
			targetProxy = 130ADCC22909F347006AC50C /* PBXContainerItemProxy */;
		};
		130ADCCD2909F347006AC50C /* PBXTargetDependency */ = {
			isa = PBXTargetDependency;
			target = 130ADCA72909F344006AC50C /* video_player */;
			targetProxy = 130ADCCC2909F347006AC50C /* PBXContainerItemProxy */;
		};
/* End PBXTargetDependency section */

/* Begin PBXVariantGroup section */
		130ADCB12909F344006AC50C /* Main.storyboard */ = {
			isa = PBXVariantGroup;
			children = (
				130ADCB22909F344006AC50C /* Base */,
			);
			name = Main.storyboard;
			sourceTree = "<group>";
		};
		130ADCB92909F347006AC50C /* LaunchScreen.storyboard */ = {
			isa = PBXVariantGroup;
			children = (
				130ADCBA2909F347006AC50C /* Base */,
			);
			name = LaunchScreen.storyboard;
			sourceTree = "<group>";
		};
/* End PBXVariantGroup section */

/* Begin XCBuildConfiguration section */
		130ADCD32909F347006AC50C /* Debug */ = {
			isa = XCBuildConfiguration;
			buildSettings = {
				ALWAYS_SEARCH_USER_PATHS = NO;
				CLANG_ANALYZER_NONNULL = YES;
				CLANG_ANALYZER_NUMBER_OBJECT_CONVERSION = YES_AGGRESSIVE;
				CLANG_CXX_LANGUAGE_STANDARD = "gnu++17";
				CLANG_ENABLE_MODULES = YES;
				CLANG_ENABLE_OBJC_ARC = YES;
				CLANG_ENABLE_OBJC_WEAK = YES;
				CLANG_WARN_BLOCK_CAPTURE_AUTORELEASING = YES;
				CLANG_WARN_BOOL_CONVERSION = YES;
				CLANG_WARN_COMMA = YES;
				CLANG_WARN_CONSTANT_CONVERSION = YES;
				CLANG_WARN_DEPRECATED_OBJC_IMPLEMENTATIONS = YES;
				CLANG_WARN_DIRECT_OBJC_ISA_USAGE = YES_ERROR;
				CLANG_WARN_DOCUMENTATION_COMMENTS = YES;
				CLANG_WARN_EMPTY_BODY = YES;
				CLANG_WARN_ENUM_CONVERSION = YES;
				CLANG_WARN_INFINITE_RECURSION = YES;
				CLANG_WARN_INT_CONVERSION = YES;
				CLANG_WARN_NON_LITERAL_NULL_CONVERSION = YES;
				CLANG_WARN_OBJC_IMPLICIT_RETAIN_SELF = YES;
				CLANG_WARN_OBJC_LITERAL_CONVERSION = YES;
				CLANG_WARN_OBJC_ROOT_CLASS = YES_ERROR;
				CLANG_WARN_QUOTED_INCLUDE_IN_FRAMEWORK_HEADER = YES;
				CLANG_WARN_RANGE_LOOP_ANALYSIS = YES;
				CLANG_WARN_STRICT_PROTOTYPES = YES;
				CLANG_WARN_SUSPICIOUS_MOVE = YES;
				CLANG_WARN_UNGUARDED_AVAILABILITY = YES_AGGRESSIVE;
				CLANG_WARN_UNREACHABLE_CODE = YES;
				CLANG_WARN__DUPLICATE_METHOD_MATCH = YES;
				COPY_PHASE_STRIP = NO;
				DEBUG_INFORMATION_FORMAT = dwarf;
				ENABLE_STRICT_OBJC_MSGSEND = YES;
				ENABLE_TESTABILITY = YES;
				GCC_C_LANGUAGE_STANDARD = gnu11;
				GCC_DYNAMIC_NO_PIC = NO;
				GCC_NO_COMMON_BLOCKS = YES;
				GCC_OPTIMIZATION_LEVEL = 0;
				GCC_PREPROCESSOR_DEFINITIONS = (
					"DEBUG=1",
					"$(inherited)",
				);
				GCC_WARN_64_TO_32_BIT_CONVERSION = YES;
				GCC_WARN_ABOUT_RETURN_TYPE = YES_ERROR;
				GCC_WARN_UNDECLARED_SELECTOR = YES;
				GCC_WARN_UNINITIALIZED_AUTOS = YES_AGGRESSIVE;
				GCC_WARN_UNUSED_FUNCTION = YES;
				GCC_WARN_UNUSED_VARIABLE = YES;
				IPHONEOS_DEPLOYMENT_TARGET = 15.5;
				MTL_ENABLE_DEBUG_INFO = INCLUDE_SOURCE;
				MTL_FAST_MATH = YES;
				ONLY_ACTIVE_ARCH = YES;
				SDKROOT = iphoneos;
				SWIFT_ACTIVE_COMPILATION_CONDITIONS = DEBUG;
				SWIFT_OPTIMIZATION_LEVEL = "-Onone";
			};
			name = Debug;
		};
		130ADCD42909F347006AC50C /* Release */ = {
			isa = XCBuildConfiguration;
			buildSettings = {
				ALWAYS_SEARCH_USER_PATHS = NO;
				CLANG_ANALYZER_NONNULL = YES;
				CLANG_ANALYZER_NUMBER_OBJECT_CONVERSION = YES_AGGRESSIVE;
				CLANG_CXX_LANGUAGE_STANDARD = "gnu++17";
				CLANG_ENABLE_MODULES = YES;
				CLANG_ENABLE_OBJC_ARC = YES;
				CLANG_ENABLE_OBJC_WEAK = YES;
				CLANG_WARN_BLOCK_CAPTURE_AUTORELEASING = YES;
				CLANG_WARN_BOOL_CONVERSION = YES;
				CLANG_WARN_COMMA = YES;
				CLANG_WARN_CONSTANT_CONVERSION = YES;
				CLANG_WARN_DEPRECATED_OBJC_IMPLEMENTATIONS = YES;
				CLANG_WARN_DIRECT_OBJC_ISA_USAGE = YES_ERROR;
				CLANG_WARN_DOCUMENTATION_COMMENTS = YES;
				CLANG_WARN_EMPTY_BODY = YES;
				CLANG_WARN_ENUM_CONVERSION = YES;
				CLANG_WARN_INFINITE_RECURSION = YES;
				CLANG_WARN_INT_CONVERSION = YES;
				CLANG_WARN_NON_LITERAL_NULL_CONVERSION = YES;
				CLANG_WARN_OBJC_IMPLICIT_RETAIN_SELF = YES;
				CLANG_WARN_OBJC_LITERAL_CONVERSION = YES;
				CLANG_WARN_OBJC_ROOT_CLASS = YES_ERROR;
				CLANG_WARN_QUOTED_INCLUDE_IN_FRAMEWORK_HEADER = YES;
				CLANG_WARN_RANGE_LOOP_ANALYSIS = YES;
				CLANG_WARN_STRICT_PROTOTYPES = YES;
				CLANG_WARN_SUSPICIOUS_MOVE = YES;
				CLANG_WARN_UNGUARDED_AVAILABILITY = YES_AGGRESSIVE;
				CLANG_WARN_UNREACHABLE_CODE = YES;
				CLANG_WARN__DUPLICATE_METHOD_MATCH = YES;
				COPY_PHASE_STRIP = NO;
				DEBUG_INFORMATION_FORMAT = "dwarf-with-dsym";
				ENABLE_NS_ASSERTIONS = NO;
				ENABLE_STRICT_OBJC_MSGSEND = YES;
				GCC_C_LANGUAGE_STANDARD = gnu11;
				GCC_NO_COMMON_BLOCKS = YES;
				GCC_WARN_64_TO_32_BIT_CONVERSION = YES;
				GCC_WARN_ABOUT_RETURN_TYPE = YES_ERROR;
				GCC_WARN_UNDECLARED_SELECTOR = YES;
				GCC_WARN_UNINITIALIZED_AUTOS = YES_AGGRESSIVE;
				GCC_WARN_UNUSED_FUNCTION = YES;
				GCC_WARN_UNUSED_VARIABLE = YES;
				IPHONEOS_DEPLOYMENT_TARGET = 15.5;
				MTL_ENABLE_DEBUG_INFO = NO;
				MTL_FAST_MATH = YES;
				SDKROOT = iphoneos;
				SWIFT_COMPILATION_MODE = wholemodule;
				SWIFT_OPTIMIZATION_LEVEL = "-O";
				VALIDATE_PRODUCT = YES;
			};
			name = Release;
		};
		130ADCD62909F347006AC50C /* Debug */ = {
			isa = XCBuildConfiguration;
			buildSettings = {
				ASSETCATALOG_COMPILER_APPICON_NAME = AppIcon;
				ASSETCATALOG_COMPILER_GLOBAL_ACCENT_COLOR_NAME = AccentColor;
				CODE_SIGN_STYLE = Automatic;
				CURRENT_PROJECT_VERSION = 1;
				GENERATE_INFOPLIST_FILE = YES;
				INFOPLIST_FILE = video_player/Info.plist;
				INFOPLIST_KEY_UIApplicationSupportsIndirectInputEvents = YES;
				INFOPLIST_KEY_UILaunchStoryboardName = LaunchScreen;
				INFOPLIST_KEY_UIMainStoryboardFile = Main;
				INFOPLIST_KEY_UISupportedInterfaceOrientations_iPad = "UIInterfaceOrientationPortrait UIInterfaceOrientationPortraitUpsideDown UIInterfaceOrientationLandscapeLeft UIInterfaceOrientationLandscapeRight";
				INFOPLIST_KEY_UISupportedInterfaceOrientations_iPhone = "UIInterfaceOrientationPortrait UIInterfaceOrientationLandscapeLeft UIInterfaceOrientationLandscapeRight";
				LD_RUNPATH_SEARCH_PATHS = (
					"$(inherited)",
					"@executable_path/Frameworks",
				);
				MARKETING_VERSION = 1.0;
				PRODUCT_BUNDLE_IDENTIFIER = "dima.video-player";
				PRODUCT_NAME = "$(TARGET_NAME)";
				SWIFT_EMIT_LOC_STRINGS = YES;
				SWIFT_VERSION = 5.0;
				TARGETED_DEVICE_FAMILY = "1,2";
			};
			name = Debug;
		};
		130ADCD72909F347006AC50C /* Release */ = {
			isa = XCBuildConfiguration;
			buildSettings = {
				ASSETCATALOG_COMPILER_APPICON_NAME = AppIcon;
				ASSETCATALOG_COMPILER_GLOBAL_ACCENT_COLOR_NAME = AccentColor;
				CODE_SIGN_STYLE = Automatic;
				CURRENT_PROJECT_VERSION = 1;
				GENERATE_INFOPLIST_FILE = YES;
				INFOPLIST_FILE = video_player/Info.plist;
				INFOPLIST_KEY_UIApplicationSupportsIndirectInputEvents = YES;
				INFOPLIST_KEY_UILaunchStoryboardName = LaunchScreen;
				INFOPLIST_KEY_UIMainStoryboardFile = Main;
				INFOPLIST_KEY_UISupportedInterfaceOrientations_iPad = "UIInterfaceOrientationPortrait UIInterfaceOrientationPortraitUpsideDown UIInterfaceOrientationLandscapeLeft UIInterfaceOrientationLandscapeRight";
				INFOPLIST_KEY_UISupportedInterfaceOrientations_iPhone = "UIInterfaceOrientationPortrait UIInterfaceOrientationLandscapeLeft UIInterfaceOrientationLandscapeRight";
				LD_RUNPATH_SEARCH_PATHS = (
					"$(inherited)",
					"@executable_path/Frameworks",
				);
				MARKETING_VERSION = 1.0;
				PRODUCT_BUNDLE_IDENTIFIER = "dima.video-player";
				PRODUCT_NAME = "$(TARGET_NAME)";
				SWIFT_EMIT_LOC_STRINGS = YES;
				SWIFT_VERSION = 5.0;
				TARGETED_DEVICE_FAMILY = "1,2";
			};
			name = Release;
		};
		130ADCD92909F347006AC50C /* Debug */ = {
			isa = XCBuildConfiguration;
			buildSettings = {
				ALWAYS_EMBED_SWIFT_STANDARD_LIBRARIES = YES;
				BUNDLE_LOADER = "$(TEST_HOST)";
				CODE_SIGN_STYLE = Automatic;
				CURRENT_PROJECT_VERSION = 1;
				GENERATE_INFOPLIST_FILE = YES;
				IPHONEOS_DEPLOYMENT_TARGET = 15.5;
				MARKETING_VERSION = 1.0;
				PRODUCT_BUNDLE_IDENTIFIER = "dima.video-playerTests";
				PRODUCT_NAME = "$(TARGET_NAME)";
				SWIFT_EMIT_LOC_STRINGS = NO;
				SWIFT_VERSION = 5.0;
				TARGETED_DEVICE_FAMILY = "1,2";
				TEST_HOST = "$(BUILT_PRODUCTS_DIR)/video_player.app/video_player";
			};
			name = Debug;
		};
		130ADCDA2909F347006AC50C /* Release */ = {
			isa = XCBuildConfiguration;
			buildSettings = {
				ALWAYS_EMBED_SWIFT_STANDARD_LIBRARIES = YES;
				BUNDLE_LOADER = "$(TEST_HOST)";
				CODE_SIGN_STYLE = Automatic;
				CURRENT_PROJECT_VERSION = 1;
				GENERATE_INFOPLIST_FILE = YES;
				IPHONEOS_DEPLOYMENT_TARGET = 15.5;
				MARKETING_VERSION = 1.0;
				PRODUCT_BUNDLE_IDENTIFIER = "dima.video-playerTests";
				PRODUCT_NAME = "$(TARGET_NAME)";
				SWIFT_EMIT_LOC_STRINGS = NO;
				SWIFT_VERSION = 5.0;
				TARGETED_DEVICE_FAMILY = "1,2";
				TEST_HOST = "$(BUILT_PRODUCTS_DIR)/video_player.app/video_player";
			};
			name = Release;
		};
		130ADCDC2909F347006AC50C /* Debug */ = {
			isa = XCBuildConfiguration;
			buildSettings = {
				ALWAYS_EMBED_SWIFT_STANDARD_LIBRARIES = YES;
				CODE_SIGN_STYLE = Automatic;
				CURRENT_PROJECT_VERSION = 1;
				GENERATE_INFOPLIST_FILE = YES;
				MARKETING_VERSION = 1.0;
				PRODUCT_BUNDLE_IDENTIFIER = "dima.video-playerUITests";
				PRODUCT_NAME = "$(TARGET_NAME)";
				SWIFT_EMIT_LOC_STRINGS = NO;
				SWIFT_VERSION = 5.0;
				TARGETED_DEVICE_FAMILY = "1,2";
				TEST_TARGET_NAME = video_player;
			};
			name = Debug;
		};
		130ADCDD2909F347006AC50C /* Release */ = {
			isa = XCBuildConfiguration;
			buildSettings = {
				ALWAYS_EMBED_SWIFT_STANDARD_LIBRARIES = YES;
				CODE_SIGN_STYLE = Automatic;
				CURRENT_PROJECT_VERSION = 1;
				GENERATE_INFOPLIST_FILE = YES;
				MARKETING_VERSION = 1.0;
				PRODUCT_BUNDLE_IDENTIFIER = "dima.video-playerUITests";
				PRODUCT_NAME = "$(TARGET_NAME)";
				SWIFT_EMIT_LOC_STRINGS = NO;
				SWIFT_VERSION = 5.0;
				TARGETED_DEVICE_FAMILY = "1,2";
				TEST_TARGET_NAME = video_player;
			};
			name = Release;
		};
/* End XCBuildConfiguration section */

/* Begin XCConfigurationList section */
		130ADCA32909F344006AC50C /* Build configuration list for PBXProject "video_player" */ = {
			isa = XCConfigurationList;
			buildConfigurations = (
				130ADCD32909F347006AC50C /* Debug */,
				130ADCD42909F347006AC50C /* Release */,
			);
			defaultConfigurationIsVisible = 0;
			defaultConfigurationName = Release;
		};
		130ADCD52909F347006AC50C /* Build configuration list for PBXNativeTarget "video_player" */ = {
			isa = XCConfigurationList;
			buildConfigurations = (
				130ADCD62909F347006AC50C /* Debug */,
				130ADCD72909F347006AC50C /* Release */,
			);
			defaultConfigurationIsVisible = 0;
			defaultConfigurationName = Release;
		};
		130ADCD82909F347006AC50C /* Build configuration list for PBXNativeTarget "video_playerTests" */ = {
			isa = XCConfigurationList;
			buildConfigurations = (
				130ADCD92909F347006AC50C /* Debug */,
				130ADCDA2909F347006AC50C /* Release */,
			);
			defaultConfigurationIsVisible = 0;
			defaultConfigurationName = Release;
		};
		130ADCDB2909F347006AC50C /* Build configuration list for PBXNativeTarget "video_playerUITests" */ = {
			isa = XCConfigurationList;
			buildConfigurations = (
				130ADCDC2909F347006AC50C /* Debug */,
				130ADCDD2909F347006AC50C /* Release */,
			);
			defaultConfigurationIsVisible = 0;
			defaultConfigurationName = Release;
		};
/* End XCConfigurationList section */

/* Begin XCVersionGroup section */
		130ADCB42909F344006AC50C /* video_player.xcdatamodeld */ = {
			isa = XCVersionGroup;
			children = (
				130ADCB52909F344006AC50C /* video_player.xcdatamodel */,
			);
			currentVersion = 130ADCB52909F344006AC50C /* video_player.xcdatamodel */;
			path = video_player.xcdatamodeld;
			sourceTree = "<group>";
			versionGroupType = wrapper.xcdatamodel;
		};
/* End XCVersionGroup section */
	};
	rootObject = 130ADCA02909F344006AC50C /* Project object */;
}
